# This file was autogenerated by Stack.
# You should not edit this file by hand.
# For more information, please see the documentation at:
#   https://docs.haskellstack.org/en/stable/lock_files

packages:
- completed:
    size: 19778
    url: https://github.com/ejconlon/haskell-linenoise/archive/31bd4df2834a3314b420364777f5ec505e5b2b3f.tar.gz
    cabal-file:
      size: 1909
      sha256: b10672d7ee21e951e9a7448a47c39e8b902d6f5efe58e3203599982a67c4f7b3
    name: linenoise
    version: 0.2.0
    sha256: cd3fc64b2d0cea8ab049898bae6de302f14e91a80086ccc91a54117f56b765cd
    pantry-tree:
      size: 1162
      sha256: d8356109e6e892868234e341ee7c85bad0061c9491aa31dd13c1d2e9d5f274f7
  original:
    url: https://github.com/ejconlon/haskell-linenoise/archive/31bd4df2834a3314b420364777f5ec505e5b2b3f.tar.gz
snapshots:
- completed:
    size: 524804
    url: https://raw.githubusercontent.com/commercialhaskell/stackage-snapshots/master/lts/14/16.yaml
    sha256: 4d1519a4372d051d47a5eae2241cf3fb54e113d7475f89707ddb6ec06add2888
  original: lts-14.16
