# This file was autogenerated by Stack.
# You should not edit this file by hand.
# For more information, please see the documentation at:
#   https://docs.haskellstack.org/en/stable/lock_files

packages:
- completed:
    size: 20392
    url: https://github.com/ejconlon/haskell-linenoise/archive/bb2b513965670cad274677e50623641d3d426092.tar.gz
    cabal-file:
      size: 1943
      sha256: e74f9c55564c291deade225ccf61b4405aa2f20a31505ec50897c29aa1606027
    name: linenoise
    version: 0.3.0
    sha256: 8dd1d5700b44268e57e47976352467bca876e4685f0272d30452576cc3d62610
    pantry-tree:
      size: 1216
      sha256: 88a4f755edc5388a531495c46583cb426345912bcdafd08436224d341c592988
  original:
    url: https://github.com/ejconlon/haskell-linenoise/archive/bb2b513965670cad274677e50623641d3d426092.tar.gz
snapshots:
- completed:
    size: 524155
    url: https://raw.githubusercontent.com/commercialhaskell/stackage-snapshots/master/lts/14/19.yaml
    sha256: 9f79f6494473c9b46911364b94c4b5ef19ca8d35ebf62e46697cf651f198ee19
  original: lts-14.19
