# This file was autogenerated by Stack.
# You should not edit this file by hand.
# For more information, please see the documentation at:
#   https://docs.haskellstack.org/en/stable/topics/lock_files

packages:
- completed:
    hackage: linenoise-0.6.0@sha256:951ebb8d335a25b856b7aa82e002a8121d69e88b6796ba781251121a0aad2d40,2206
    pantry-tree:
      sha256: fb0434f86756685adf81f72e2bc4b55b6d828fa86d28adeaea403e1359c5301b
      size: 634
  original:
    hackage: linenoise-0.6.0
snapshots:
- completed:
    sha256: d141b089a21d9873b5febdf7c53296fb799b7fb602b9d3b003c022a81cc1cc01
    size: 726795
    url: https://raw.githubusercontent.com/commercialhaskell/stackage-snapshots/master/lts/24/30.yaml
  original: lts-24.30
